// !$*UTF8*$!
{
	archiveVersion = 1;
	classes = {
	};
	objectVersion = 55;
	objects = {

/* Begin PBXBuildFile section */
		96CEE7B529AC843A008B1AFA /* AppDelegate.swift in Sources */ = {isa = PBXBuildFile; fileRef = 96CEE7B329AC843A008B1AFA /* AppDelegate.swift */; };
		96CEE7B629AC843A008B1AFA /* SceneDelegate.swift in Sources */ = {isa = PBXBuildFile; fileRef = 96CEE7B429AC843A008B1AFA /* SceneDelegate.swift */; };
		96CEE7BA29AC8563008B1AFA /* HDBaseViewController.swift in Sources */ = {isa = PBXBuildFile; fileRef = 96CEE7B929AC8563008B1AFA /* HDBaseViewController.swift */; };
		96CEE7BF29AC8B49008B1AFA /* HDBaseTabBarController.swift in Sources */ = {isa = PBXBuildFile; fileRef = 96CEE7BE29AC8B48008B1AFA /* HDBaseTabBarController.swift */; };
		96CEE7C529AD8F26008B1AFA /* HDBaseNavigationController.swift in Sources */ = {isa = PBXBuildFile; fileRef = 96CEE7C429AD8F26008B1AFA /* HDBaseNavigationController.swift */; };
		96CEE7CB29AE0B8E008B1AFA /* HDHomeViewController.swift in Sources */ = {isa = PBXBuildFile; fileRef = 96CEE7CA29AE0B8E008B1AFA /* HDHomeViewController.swift */; };
		96CEE7CD29AE0CFB008B1AFA /* HDDemosViewController.swift in Sources */ = {isa = PBXBuildFile; fileRef = 96CEE7CC29AE0CFB008B1AFA /* HDDemosViewController.swift */; };
		96CEE7CF29AE0D25008B1AFA /* HDKitViewController.swift in Sources */ = {isa = PBXBuildFile; fileRef = 96CEE7CE29AE0D25008B1AFA /* HDKitViewController.swift */; };
		96CEE7D329AE0EB7008B1AFA /* HDMineViewController.swift in Sources */ = {isa = PBXBuildFile; fileRef = 96CEE7D229AE0EB7008B1AFA /* HDMineViewController.swift */; };
		96DA514229AEF18800A92405 /* HDShopTabBarController.swift in Sources */ = {isa = PBXBuildFile; fileRef = 96DA514129AEF18800A92405 /* HDShopTabBarController.swift */; };
		96DA514629AEFEF300A92405 /* Color+Ext.swift in Sources */ = {isa = PBXBuildFile; fileRef = 96DA514529AEFEF300A92405 /* Color+Ext.swift */; };
		96DA514929AF321600A92405 /* Global.swift in Sources */ = {isa = PBXBuildFile; fileRef = 96DA514829AF321600A92405 /* Global.swift */; };
		96F1219029B2DEA900128270 /* HDDemoMineUser.swift in Sources */ = {isa = PBXBuildFile; fileRef = 96F1218F29B2DEA900128270 /* HDDemoMineUser.swift */; };
		96F1219229B2E1AB00128270 /* HDDemoMinePopulate.swift in Sources */ = {isa = PBXBuildFile; fileRef = 96F1219129B2E1AB00128270 /* HDDemoMinePopulate.swift */; };
		96F1219429B2E8D600128270 /* HDDemoMineCell.swift in Sources */ = {isa = PBXBuildFile; fileRef = 96F1219329B2E8D600128270 /* HDDemoMineCell.swift */; };
		96F1219629B2EAEB00128270 /* HDDemoMineController.swift in Sources */ = {isa = PBXBuildFile; fileRef = 96F1219529B2EAEB00128270 /* HDDemoMineController.swift */; };
		96F1219D29B4727A00128270 /* HDDemoArtistController.swift in Sources */ = {isa = PBXBuildFile; fileRef = 96F1219C29B4727A00128270 /* HDDemoArtistController.swift */; };
		96F1219F29B4729900128270 /* HDDemoArtistDetailController.swift in Sources */ = {isa = PBXBuildFile; fileRef = 96F1219E29B4729900128270 /* HDDemoArtistDetailController.swift */; };
		96F121A529B472FC00128270 /* artists.json in Resources */ = {isa = PBXBuildFile; fileRef = 96F121A429B472FC00128270 /* artists.json */; };
		96F121AA29B4823A00128270 /* HDDemoArtistCell.swift in Sources */ = {isa = PBXBuildFile; fileRef = 96F121A829B4823A00128270 /* HDDemoArtistCell.swift */; };
		96F121AB29B4823A00128270 /* HDDemoArtistCell.xib in Resources */ = {isa = PBXBuildFile; fileRef = 96F121A929B4823A00128270 /* HDDemoArtistCell.xib */; };
		96F121C029B5FB5900128270 /* HDDemoArtist.swift in Sources */ = {isa = PBXBuildFile; fileRef = 96F121BF29B5FB5900128270 /* HDDemoArtist.swift */; };
		96F121C229B5FC6D00128270 /* HDDemoWork.swift in Sources */ = {isa = PBXBuildFile; fileRef = 96F121C129B5FC6D00128270 /* HDDemoWork.swift */; };
		96FA77D629A88F5500D7F923 /* Main.storyboard in Resources */ = {isa = PBXBuildFile; fileRef = 96FA77D429A88F5500D7F923 /* Main.storyboard */; };
		96FA77D829A88F5700D7F923 /* Assets.xcassets in Resources */ = {isa = PBXBuildFile; fileRef = 96FA77D729A88F5700D7F923 /* Assets.xcassets */; };
		96FA77DB29A88F5700D7F923 /* LaunchScreen.storyboard in Resources */ = {isa = PBXBuildFile; fileRef = 96FA77D929A88F5700D7F923 /* LaunchScreen.storyboard */; };
/* End PBXBuildFile section */

/* Begin PBXFileReference section */
		96CEE7B329AC843A008B1AFA /* AppDelegate.swift */ = {isa = PBXFileReference; fileEncoding = 4; lastKnownFileType = sourcecode.swift; path = AppDelegate.swift; sourceTree = "<group>"; };
		96CEE7B429AC843A008B1AFA /* SceneDelegate.swift */ = {isa = PBXFileReference; fileEncoding = 4; lastKnownFileType = sourcecode.swift; path = SceneDelegate.swift; sourceTree = "<group>"; };
		96CEE7B929AC8563008B1AFA /* HDBaseViewController.swift */ = {isa = PBXFileReference; lastKnownFileType = sourcecode.swift; path = HDBaseViewController.swift; sourceTree = "<group>"; };
		96CEE7BE29AC8B48008B1AFA /* HDBaseTabBarController.swift */ = {isa = PBXFileReference; lastKnownFileType = sourcecode.swift; path = HDBaseTabBarController.swift; sourceTree = "<group>"; };
		96CEE7C429AD8F26008B1AFA /* HDBaseNavigationController.swift */ = {isa = PBXFileReference; lastKnownFileType = sourcecode.swift; path = HDBaseNavigationController.swift; sourceTree = "<group>"; };
		96CEE7CA29AE0B8E008B1AFA /* HDHomeViewController.swift */ = {isa = PBXFileReference; lastKnownFileType = sourcecode.swift; path = HDHomeViewController.swift; sourceTree = "<group>"; };
		96CEE7CC29AE0CFB008B1AFA /* HDDemosViewController.swift */ = {isa = PBXFileReference; lastKnownFileType = sourcecode.swift; path = HDDemosViewController.swift; sourceTree = "<group>"; };
		96CEE7CE29AE0D25008B1AFA /* HDKitViewController.swift */ = {isa = PBXFileReference; lastKnownFileType = sourcecode.swift; path = HDKitViewController.swift; sourceTree = "<group>"; };
		96CEE7D229AE0EB7008B1AFA /* HDMineViewController.swift */ = {isa = PBXFileReference; lastKnownFileType = sourcecode.swift; path = HDMineViewController.swift; sourceTree = "<group>"; };
		96DA514129AEF18800A92405 /* HDShopTabBarController.swift */ = {isa = PBXFileReference; lastKnownFileType = sourcecode.swift; path = HDShopTabBarController.swift; sourceTree = "<group>"; };
		96DA514529AEFEF300A92405 /* Color+Ext.swift */ = {isa = PBXFileReference; lastKnownFileType = sourcecode.swift; path = "Color+Ext.swift"; sourceTree = "<group>"; };
		96DA514829AF321600A92405 /* Global.swift */ = {isa = PBXFileReference; lastKnownFileType = sourcecode.swift; path = Global.swift; sourceTree = "<group>"; };
		96F1218F29B2DEA900128270 /* HDDemoMineUser.swift */ = {isa = PBXFileReference; lastKnownFileType = sourcecode.swift; path = HDDemoMineUser.swift; sourceTree = "<group>"; };
		96F1219129B2E1AB00128270 /* HDDemoMinePopulate.swift */ = {isa = PBXFileReference; lastKnownFileType = sourcecode.swift; path = HDDemoMinePopulate.swift; sourceTree = "<group>"; };
		96F1219329B2E8D600128270 /* HDDemoMineCell.swift */ = {isa = PBXFileReference; lastKnownFileType = sourcecode.swift; path = HDDemoMineCell.swift; sourceTree = "<group>"; };
		96F1219529B2EAEB00128270 /* HDDemoMineController.swift */ = {isa = PBXFileReference; lastKnownFileType = sourcecode.swift; path = HDDemoMineController.swift; sourceTree = "<group>"; };
		96F1219C29B4727A00128270 /* HDDemoArtistController.swift */ = {isa = PBXFileReference; lastKnownFileType = sourcecode.swift; path = HDDemoArtistController.swift; sourceTree = "<group>"; };
		96F1219E29B4729900128270 /* HDDemoArtistDetailController.swift */ = {isa = PBXFileReference; lastKnownFileType = sourcecode.swift; path = HDDemoArtistDetailController.swift; sourceTree = "<group>"; };
		96F121A429B472FC00128270 /* artists.json */ = {isa = PBXFileReference; fileEncoding = 4; lastKnownFileType = text.json; path = artists.json; sourceTree = "<group>"; };
		96F121A829B4823A00128270 /* HDDemoArtistCell.swift */ = {isa = PBXFileReference; lastKnownFileType = sourcecode.swift; path = HDDemoArtistCell.swift; sourceTree = "<group>"; };
		96F121A929B4823A00128270 /* HDDemoArtistCell.xib */ = {isa = PBXFileReference; lastKnownFileType = file.xib; path = HDDemoArtistCell.xib; sourceTree = "<group>"; };
		96F121BF29B5FB5900128270 /* HDDemoArtist.swift */ = {isa = PBXFileReference; lastKnownFileType = sourcecode.swift; path = HDDemoArtist.swift; sourceTree = "<group>"; };
		96F121C129B5FC6D00128270 /* HDDemoWork.swift */ = {isa = PBXFileReference; lastKnownFileType = sourcecode.swift; path = HDDemoWork.swift; sourceTree = "<group>"; };
		96FA77CB29A88F5500D7F923 /* SwiftNotes.app */ = {isa = PBXFileReference; explicitFileType = wrapper.application; includeInIndex = 0; path = SwiftNotes.app; sourceTree = BUILT_PRODUCTS_DIR; };
		96FA77D529A88F5500D7F923 /* Base */ = {isa = PBXFileReference; lastKnownFileType = file.storyboard; name = Base; path = Base.lproj/Main.storyboard; sourceTree = "<group>"; };
		96FA77D729A88F5700D7F923 /* Assets.xcassets */ = {isa = PBXFileReference; lastKnownFileType = folder.assetcatalog; path = Assets.xcassets; sourceTree = "<group>"; };
		96FA77DA29A88F5700D7F923 /* Base */ = {isa = PBXFileReference; lastKnownFileType = file.storyboard; name = Base; path = Base.lproj/LaunchScreen.storyboard; sourceTree = "<group>"; };
		96FA77DC29A88F5700D7F923 /* Info.plist */ = {isa = PBXFileReference; lastKnownFileType = text.plist.xml; path = Info.plist; sourceTree = "<group>"; };
/* End PBXFileReference section */

/* Begin PBXFrameworksBuildPhase section */
		96FA77C829A88F5500D7F923 /* Frameworks */ = {
			isa = PBXFrameworksBuildPhase;
			buildActionMask = 2147483647;
			files = (
			);
			runOnlyForDeploymentPostprocessing = 0;
		};
/* End PBXFrameworksBuildPhase section */

/* Begin PBXGroup section */
		96DA514729AF319700A92405 /* Common */ = {
			isa = PBXGroup;
			children = (
				96DA514829AF321600A92405 /* Global.swift */,
				96F1219929B32E1500128270 /* Extension */,
			);
			path = Common;
			sourceTree = "<group>";
		};
		96F1217729B1F01000128270 /* Appliction */ = {
			isa = PBXGroup;
			children = (
				96CEE7B329AC843A008B1AFA /* AppDelegate.swift */,
				96CEE7B429AC843A008B1AFA /* SceneDelegate.swift */,
			);
			path = Appliction;
			sourceTree = "<group>";
		};
		96F1218029B1F46000128270 /* Modules */ = {
			isa = PBXGroup;
			children = (
				96F1218129B1F48F00128270 /* Home */,
				96F1218229B1F4A500128270 /* Demos */,
				96F1218329B1F4AD00128270 /* Kit */,
				96F1218429B1F4B500128270 /* Mine */,
			);
			path = Modules;
			sourceTree = "<group>";
		};
		96F1218129B1F48F00128270 /* Home */ = {
			isa = PBXGroup;
			children = (
				96CEE7CA29AE0B8E008B1AFA /* HDHomeViewController.swift */,
			);
			path = Home;
			sourceTree = "<group>";
		};
		96F1218229B1F4A500128270 /* Demos */ = {
			isa = PBXGroup;
			children = (
				96CEE7CC29AE0CFB008B1AFA /* HDDemosViewController.swift */,
				96F1218C29B2D99000128270 /* 01-mine */,
				96F1219B29B46E8400128270 /* 02-artist */,
			);
			path = Demos;
			sourceTree = "<group>";
		};
		96F1218329B1F4AD00128270 /* Kit */ = {
			isa = PBXGroup;
			children = (
				96CEE7CE29AE0D25008B1AFA /* HDKitViewController.swift */,
			);
			path = Kit;
			sourceTree = "<group>";
		};
		96F1218429B1F4B500128270 /* Mine */ = {
			isa = PBXGroup;
			children = (
				96CEE7D229AE0EB7008B1AFA /* HDMineViewController.swift */,
			);
			path = Mine;
			sourceTree = "<group>";
		};
		96F1218529B1F5AF00128270 /* Config */ = {
			isa = PBXGroup;
			children = (
				96FA77DC29A88F5700D7F923 /* Info.plist */,
				96FA77D929A88F5700D7F923 /* LaunchScreen.storyboard */,
				96FA77D429A88F5500D7F923 /* Main.storyboard */,
			);
			path = Config;
			sourceTree = "<group>";
		};
		96F1218729B1F7E200128270 /* Base */ = {
			isa = PBXGroup;
			children = (
				96F1218A29B1F82200128270 /* BaseViewController */,
				96F1218929B1F81800128270 /* TabBar */,
				96F1218829B1F81000128270 /* Navigation */,
			);
			path = Base;
			sourceTree = "<group>";
		};
		96F1218829B1F81000128270 /* Navigation */ = {
			isa = PBXGroup;
			children = (
				96CEE7C429AD8F26008B1AFA /* HDBaseNavigationController.swift */,
			);
			path = Navigation;
			sourceTree = "<group>";
		};
		96F1218929B1F81800128270 /* TabBar */ = {
			isa = PBXGroup;
			children = (
				96CEE7BE29AC8B48008B1AFA /* HDBaseTabBarController.swift */,
				96DA514129AEF18800A92405 /* HDShopTabBarController.swift */,
			);
			path = TabBar;
			sourceTree = "<group>";
		};
		96F1218A29B1F82200128270 /* BaseViewController */ = {
			isa = PBXGroup;
			children = (
				96CEE7B929AC8563008B1AFA /* HDBaseViewController.swift */,
			);
			path = BaseViewController;
			sourceTree = "<group>";
		};
		96F1218B29B1F86900128270 /* Resources */ = {
			isa = PBXGroup;
			children = (
				96FA77D729A88F5700D7F923 /* Assets.xcassets */,
			);
			path = Resources;
			sourceTree = "<group>";
		};
		96F1218C29B2D99000128270 /* 01-mine */ = {
			isa = PBXGroup;
			children = (
				96F1218F29B2DEA900128270 /* HDDemoMineUser.swift */,
				96F1219129B2E1AB00128270 /* HDDemoMinePopulate.swift */,
				96F1219329B2E8D600128270 /* HDDemoMineCell.swift */,
				96F1219529B2EAEB00128270 /* HDDemoMineController.swift */,
			);
			path = "01-mine";
			sourceTree = "<group>";
		};
		96F1219929B32E1500128270 /* Extension */ = {
			isa = PBXGroup;
			children = (
				96DA514529AEFEF300A92405 /* Color+Ext.swift */,
			);
			path = Extension;
			sourceTree = "<group>";
		};
		96F1219B29B46E8400128270 /* 02-artist */ = {
			isa = PBXGroup;
			children = (
				96F121A429B472FC00128270 /* artists.json */,
				96F121BF29B5FB5900128270 /* HDDemoArtist.swift */,
				96F121C129B5FC6D00128270 /* HDDemoWork.swift */,
				96F1219C29B4727A00128270 /* HDDemoArtistController.swift */,
				96F1219E29B4729900128270 /* HDDemoArtistDetailController.swift */,
				96F121A829B4823A00128270 /* HDDemoArtistCell.swift */,
				96F121A929B4823A00128270 /* HDDemoArtistCell.xib */,
			);
			path = "02-artist";
			sourceTree = "<group>";
		};
		96FA77C229A88F5500D7F923 = {
			isa = PBXGroup;
			children = (
				96FA77CD29A88F5500D7F923 /* SwiftNotes */,
				96FA77CC29A88F5500D7F923 /* Products */,
			);
			sourceTree = "<group>";
		};
		96FA77CC29A88F5500D7F923 /* Products */ = {
			isa = PBXGroup;
			children = (
				96FA77CB29A88F5500D7F923 /* SwiftNotes.app */,
			);
			name = Products;
			sourceTree = "<group>";
		};
		96FA77CD29A88F5500D7F923 /* SwiftNotes */ = {
			isa = PBXGroup;
			children = (
				96F1217729B1F01000128270 /* Appliction */,
				96F1218729B1F7E200128270 /* Base */,
				96F1218029B1F46000128270 /* Modules */,
				96DA514729AF319700A92405 /* Common */,
				96F1218B29B1F86900128270 /* Resources */,
				96F1218529B1F5AF00128270 /* Config */,
			);
			path = SwiftNotes;
			sourceTree = "<group>";
		};
/* End PBXGroup section */

/* Begin PBXNativeTarget section */
		96FA77CA29A88F5500D7F923 /* SwiftNotes */ = {
			isa = PBXNativeTarget;
			buildConfigurationList = 96FA77DF29A88F5700D7F923 /* Build configuration list for PBXNativeTarget "SwiftNotes" */;
			buildPhases = (
				96FA77C729A88F5500D7F923 /* Sources */,
				96FA77C829A88F5500D7F923 /* Frameworks */,
				96FA77C929A88F5500D7F923 /* Resources */,
			);
			buildRules = (
			);
			dependencies = (
			);
			name = SwiftNotes;
			productName = SwiftNotes;
			productReference = 96FA77CB29A88F5500D7F923 /* SwiftNotes.app */;
			productType = "com.apple.product-type.application";
		};
/* End PBXNativeTarget section */

/* Begin PBXProject section */
		96FA77C329A88F5500D7F923 /* Project object */ = {
			isa = PBXProject;
			attributes = {
				BuildIndependentTargetsInParallel = 1;
				CLASSPREFIX = HD;
				LastSwiftUpdateCheck = 1340;
				LastUpgradeCheck = 1340;
				ORGANIZATIONNAME = Hegk;
				TargetAttributes = {
					96FA77CA29A88F5500D7F923 = {
						CreatedOnToolsVersion = 13.4.1;
					};
				};
			};
			buildConfigurationList = 96FA77C629A88F5500D7F923 /* Build configuration list for PBXProject "SwiftNotes" */;
			compatibilityVersion = "Xcode 13.0";
			developmentRegion = en;
			hasScannedForEncodings = 0;
			knownRegions = (
				en,
				Base,
			);
			mainGroup = 96FA77C229A88F5500D7F923;
			productRefGroup = 96FA77CC29A88F5500D7F923 /* Products */;
			projectDirPath = "";
			projectRoot = "";
			targets = (
				96FA77CA29A88F5500D7F923 /* SwiftNotes */,
			);
		};
/* End PBXProject section */

/* Begin PBXResourcesBuildPhase section */
		96FA77C929A88F5500D7F923 /* Resources */ = {
			isa = PBXResourcesBuildPhase;
			buildActionMask = 2147483647;
			files = (
				96FA77DB29A88F5700D7F923 /* LaunchScreen.storyboard in Resources */,
				96FA77D829A88F5700D7F923 /* Assets.xcassets in Resources */,
				96F121A529B472FC00128270 /* artists.json in Resources */,
				96F121AB29B4823A00128270 /* HDDemoArtistCell.xib in Resources */,
				96FA77D629A88F5500D7F923 /* Main.storyboard in Resources */,
			);
			runOnlyForDeploymentPostprocessing = 0;
		};
/* End PBXResourcesBuildPhase section */

/* Begin PBXSourcesBuildPhase section */
		96FA77C729A88F5500D7F923 /* Sources */ = {
			isa = PBXSourcesBuildPhase;
			buildActionMask = 2147483647;
			files = (
				96CEE7B529AC843A008B1AFA /* AppDelegate.swift in Sources */,
				96F1219D29B4727A00128270 /* HDDemoArtistController.swift in Sources */,
				96CEE7CF29AE0D25008B1AFA /* HDKitViewController.swift in Sources */,
				96CEE7CD29AE0CFB008B1AFA /* HDDemosViewController.swift in Sources */,
				96F1219629B2EAEB00128270 /* HDDemoMineController.swift in Sources */,
				96F121C029B5FB5900128270 /* HDDemoArtist.swift in Sources */,
				96F1219029B2DEA900128270 /* HDDemoMineUser.swift in Sources */,
				96F121C229B5FC6D00128270 /* HDDemoWork.swift in Sources */,
				96F1219429B2E8D600128270 /* HDDemoMineCell.swift in Sources */,
				96DA514229AEF18800A92405 /* HDShopTabBarController.swift in Sources */,
				96F1219F29B4729900128270 /* HDDemoArtistDetailController.swift in Sources */,
				96F1219229B2E1AB00128270 /* HDDemoMinePopulate.swift in Sources */,
				96CEE7CB29AE0B8E008B1AFA /* HDHomeViewController.swift in Sources */,
				96F121AA29B4823A00128270 /* HDDemoArtistCell.swift in Sources */,
				96CEE7B629AC843A008B1AFA /* SceneDelegate.swift in Sources */,
				96CEE7BF29AC8B49008B1AFA /* HDBaseTabBarController.swift in Sources */,
				96DA514629AEFEF300A92405 /* Color+Ext.swift in Sources */,
				96DA514929AF321600A92405 /* Global.swift in Sources */,
				96CEE7BA29AC8563008B1AFA /* HDBaseViewController.swift in Sources */,
				96CEE7C529AD8F26008B1AFA /* HDBaseNavigationController.swift in Sources */,
				96CEE7D329AE0EB7008B1AFA /* HDMineViewController.swift in Sources */,
			);
			runOnlyForDeploymentPostprocessing = 0;
		};
/* End PBXSourcesBuildPhase section */

/* Begin PBXVariantGroup section */
		96FA77D429A88F5500D7F923 /* Main.storyboard */ = {
			isa = PBXVariantGroup;
			children = (
				96FA77D529A88F5500D7F923 /* Base */,
			);
			name = Main.storyboard;
			sourceTree = "<group>";
		};
		96FA77D929A88F5700D7F923 /* LaunchScreen.storyboard */ = {
			isa = PBXVariantGroup;
			children = (
				96FA77DA29A88F5700D7F923 /* Base */,
			);
			name = LaunchScreen.storyboard;
			sourceTree = "<group>";
		};
/* End PBXVariantGroup section */

/* Begin XCBuildConfiguration section */
		96FA77DD29A88F5700D7F923 /* Debug */ = {
			isa = XCBuildConfiguration;
			buildSettings = {
				ALWAYS_SEARCH_USER_PATHS = NO;
				CLANG_ANALYZER_NONNULL = YES;
				CLANG_ANALYZER_NUMBER_OBJECT_CONVERSION = YES_AGGRESSIVE;
				CLANG_CXX_LANGUAGE_STANDARD = "gnu++17";
				CLANG_ENABLE_MODULES = YES;
				CLANG_ENABLE_OBJC_ARC = YES;
				CLANG_ENABLE_OBJC_WEAK = YES;
				CLANG_WARN_BLOCK_CAPTURE_AUTORELEASING = YES;
				CLANG_WARN_BOOL_CONVERSION = YES;
				CLANG_WARN_COMMA = YES;
				CLANG_WARN_CONSTANT_CONVERSION = YES;
				CLANG_WARN_DEPRECATED_OBJC_IMPLEMENTATIONS = YES;
				CLANG_WARN_DIRECT_OBJC_ISA_USAGE = YES_ERROR;
				CLANG_WARN_DOCUMENTATION_COMMENTS = YES;
				CLANG_WARN_EMPTY_BODY = YES;
				CLANG_WARN_ENUM_CONVERSION = YES;
				CLANG_WARN_INFINITE_RECURSION = YES;
				CLANG_WARN_INT_CONVERSION = YES;
				CLANG_WARN_NON_LITERAL_NULL_CONVERSION = YES;
				CLANG_WARN_OBJC_IMPLICIT_RETAIN_SELF = YES;
				CLANG_WARN_OBJC_LITERAL_CONVERSION = YES;
				CLANG_WARN_OBJC_ROOT_CLASS = YES_ERROR;
				CLANG_WARN_QUOTED_INCLUDE_IN_FRAMEWORK_HEADER = YES;
				CLANG_WARN_RANGE_LOOP_ANALYSIS = YES;
				CLANG_WARN_STRICT_PROTOTYPES = YES;
				CLANG_WARN_SUSPICIOUS_MOVE = YES;
				CLANG_WARN_UNGUARDED_AVAILABILITY = YES_AGGRESSIVE;
				CLANG_WARN_UNREACHABLE_CODE = YES;
				CLANG_WARN__DUPLICATE_METHOD_MATCH = YES;
				COPY_PHASE_STRIP = NO;
				DEBUG_INFORMATION_FORMAT = dwarf;
				ENABLE_STRICT_OBJC_MSGSEND = YES;
				ENABLE_TESTABILITY = YES;
				GCC_C_LANGUAGE_STANDARD = gnu11;
				GCC_DYNAMIC_NO_PIC = NO;
				GCC_NO_COMMON_BLOCKS = YES;
				GCC_OPTIMIZATION_LEVEL = 0;
				GCC_PREPROCESSOR_DEFINITIONS = (
					"DEBUG=1",
					"$(inherited)",
				);
				GCC_WARN_64_TO_32_BIT_CONVERSION = YES;
				GCC_WARN_ABOUT_RETURN_TYPE = YES_ERROR;
				GCC_WARN_UNDECLARED_SELECTOR = YES;
				GCC_WARN_UNINITIALIZED_AUTOS = YES_AGGRESSIVE;
				GCC_WARN_UNUSED_FUNCTION = YES;
				GCC_WARN_UNUSED_VARIABLE = YES;
				IPHONEOS_DEPLOYMENT_TARGET = 14.0;
				MTL_ENABLE_DEBUG_INFO = INCLUDE_SOURCE;
				MTL_FAST_MATH = YES;
				ONLY_ACTIVE_ARCH = YES;
				SDKROOT = iphoneos;
				SWIFT_ACTIVE_COMPILATION_CONDITIONS = DEBUG;
				SWIFT_OPTIMIZATION_LEVEL = "-Onone";
			};
			name = Debug;
		};
		96FA77DE29A88F5700D7F923 /* Release */ = {
			isa = XCBuildConfiguration;
			buildSettings = {
				ALWAYS_SEARCH_USER_PATHS = NO;
				CLANG_ANALYZER_NONNULL = YES;
				CLANG_ANALYZER_NUMBER_OBJECT_CONVERSION = YES_AGGRESSIVE;
				CLANG_CXX_LANGUAGE_STANDARD = "gnu++17";
				CLANG_ENABLE_MODULES = YES;
				CLANG_ENABLE_OBJC_ARC = YES;
				CLANG_ENABLE_OBJC_WEAK = YES;
				CLANG_WARN_BLOCK_CAPTURE_AUTORELEASING = YES;
				CLANG_WARN_BOOL_CONVERSION = YES;
				CLANG_WARN_COMMA = YES;
				CLANG_WARN_CONSTANT_CONVERSION = YES;
				CLANG_WARN_DEPRECATED_OBJC_IMPLEMENTATIONS = YES;
				CLANG_WARN_DIRECT_OBJC_ISA_USAGE = YES_ERROR;
				CLANG_WARN_DOCUMENTATION_COMMENTS = YES;
				CLANG_WARN_EMPTY_BODY = YES;
				CLANG_WARN_ENUM_CONVERSION = YES;
				CLANG_WARN_INFINITE_RECURSION = YES;
				CLANG_WARN_INT_CONVERSION = YES;
				CLANG_WARN_NON_LITERAL_NULL_CONVERSION = YES;
				CLANG_WARN_OBJC_IMPLICIT_RETAIN_SELF = YES;
				CLANG_WARN_OBJC_LITERAL_CONVERSION = YES;
				CLANG_WARN_OBJC_ROOT_CLASS = YES_ERROR;
				CLANG_WARN_QUOTED_INCLUDE_IN_FRAMEWORK_HEADER = YES;
				CLANG_WARN_RANGE_LOOP_ANALYSIS = YES;
				CLANG_WARN_STRICT_PROTOTYPES = YES;
				CLANG_WARN_SUSPICIOUS_MOVE = YES;
				CLANG_WARN_UNGUARDED_AVAILABILITY = YES_AGGRESSIVE;
				CLANG_WARN_UNREACHABLE_CODE = YES;
				CLANG_WARN__DUPLICATE_METHOD_MATCH = YES;
				COPY_PHASE_STRIP = NO;
				DEBUG_INFORMATION_FORMAT = "dwarf-with-dsym";
				ENABLE_NS_ASSERTIONS = NO;
				ENABLE_STRICT_OBJC_MSGSEND = YES;
				GCC_C_LANGUAGE_STANDARD = gnu11;
				GCC_NO_COMMON_BLOCKS = YES;
				GCC_WARN_64_TO_32_BIT_CONVERSION = YES;
				GCC_WARN_ABOUT_RETURN_TYPE = YES_ERROR;
				GCC_WARN_UNDECLARED_SELECTOR = YES;
				GCC_WARN_UNINITIALIZED_AUTOS = YES_AGGRESSIVE;
				GCC_WARN_UNUSED_FUNCTION = YES;
				GCC_WARN_UNUSED_VARIABLE = YES;
				IPHONEOS_DEPLOYMENT_TARGET = 14.0;
				MTL_ENABLE_DEBUG_INFO = NO;
				MTL_FAST_MATH = YES;
				SDKROOT = iphoneos;
				SWIFT_COMPILATION_MODE = wholemodule;
				SWIFT_OPTIMIZATION_LEVEL = "-O";
				VALIDATE_PRODUCT = YES;
			};
			name = Release;
		};
		96FA77E029A88F5700D7F923 /* Debug */ = {
			isa = XCBuildConfiguration;
			buildSettings = {
				ASSETCATALOG_COMPILER_APPICON_NAME = AppIcon;
				ASSETCATALOG_COMPILER_GLOBAL_ACCENT_COLOR_NAME = AccentColor;
				CODE_SIGN_STYLE = Automatic;
				CURRENT_PROJECT_VERSION = 1;
				DEVELOPMENT_TEAM = 9GE322NYCW;
				GENERATE_INFOPLIST_FILE = YES;
				INFOPLIST_FILE = SwiftNotes/Config/Info.plist;
				INFOPLIST_KEY_CFBundleDisplayName = SwiftNotes;
				INFOPLIST_KEY_UIApplicationSupportsIndirectInputEvents = YES;
				INFOPLIST_KEY_UILaunchStoryboardName = LaunchScreen;
				INFOPLIST_KEY_UISupportedInterfaceOrientations_iPad = "UIInterfaceOrientationPortrait UIInterfaceOrientationPortraitUpsideDown UIInterfaceOrientationLandscapeLeft UIInterfaceOrientationLandscapeRight";
				INFOPLIST_KEY_UISupportedInterfaceOrientations_iPhone = "UIInterfaceOrientationPortrait UIInterfaceOrientationLandscapeLeft UIInterfaceOrientationLandscapeRight";
				LD_RUNPATH_SEARCH_PATHS = (
					"$(inherited)",
					"@executable_path/Frameworks",
				);
				MARKETING_VERSION = 1.0;
				PRODUCT_BUNDLE_IDENTIFIER = com.hegk.SwiftNotes;
				PRODUCT_NAME = "$(TARGET_NAME)";
				SWIFT_EMIT_LOC_STRINGS = YES;
				SWIFT_VERSION = 5.0;
				TARGETED_DEVICE_FAMILY = "1,2";
			};
			name = Debug;
		};
		96FA77E129A88F5700D7F923 /* Release */ = {
			isa = XCBuildConfiguration;
			buildSettings = {
				ASSETCATALOG_COMPILER_APPICON_NAME = AppIcon;
				ASSETCATALOG_COMPILER_GLOBAL_ACCENT_COLOR_NAME = AccentColor;
				CODE_SIGN_STYLE = Automatic;
				CURRENT_PROJECT_VERSION = 1;
				DEVELOPMENT_TEAM = 9GE322NYCW;
				GENERATE_INFOPLIST_FILE = YES;
				INFOPLIST_FILE = SwiftNotes/Config/Info.plist;
				INFOPLIST_KEY_CFBundleDisplayName = SwiftNotes;
				INFOPLIST_KEY_UIApplicationSupportsIndirectInputEvents = YES;
				INFOPLIST_KEY_UILaunchStoryboardName = LaunchScreen;
				INFOPLIST_KEY_UISupportedInterfaceOrientations_iPad = "UIInterfaceOrientationPortrait UIInterfaceOrientationPortraitUpsideDown UIInterfaceOrientationLandscapeLeft UIInterfaceOrientationLandscapeRight";
				INFOPLIST_KEY_UISupportedInterfaceOrientations_iPhone = "UIInterfaceOrientationPortrait UIInterfaceOrientationLandscapeLeft UIInterfaceOrientationLandscapeRight";
				LD_RUNPATH_SEARCH_PATHS = (
					"$(inherited)",
					"@executable_path/Frameworks",
				);
				MARKETING_VERSION = 1.0;
				PRODUCT_BUNDLE_IDENTIFIER = com.hegk.SwiftNotes;
				PRODUCT_NAME = "$(TARGET_NAME)";
				SWIFT_EMIT_LOC_STRINGS = YES;
				SWIFT_VERSION = 5.0;
				TARGETED_DEVICE_FAMILY = "1,2";
			};
			name = Release;
		};
/* End XCBuildConfiguration section */

/* Begin XCConfigurationList section */
		96FA77C629A88F5500D7F923 /* Build configuration list for PBXProject "SwiftNotes" */ = {
			isa = XCConfigurationList;
			buildConfigurations = (
				96FA77DD29A88F5700D7F923 /* Debug */,
				96FA77DE29A88F5700D7F923 /* Release */,
			);
			defaultConfigurationIsVisible = 0;
			defaultConfigurationName = Release;
		};
		96FA77DF29A88F5700D7F923 /* Build configuration list for PBXNativeTarget "SwiftNotes" */ = {
			isa = XCConfigurationList;
			buildConfigurations = (
				96FA77E029A88F5700D7F923 /* Debug */,
				96FA77E129A88F5700D7F923 /* Release */,
			);
			defaultConfigurationIsVisible = 0;
			defaultConfigurationName = Release;
		};
/* End XCConfigurationList section */
	};
	rootObject = 96FA77C329A88F5500D7F923 /* Project object */;
}
